// !$*UTF8*$!
{
	archiveVersion = 1;
	classes = {
	};
	objectVersion = 56;
	objects = {

/* Begin PBXBuildFile section */
		D301A30B2BCEFE38008BE4E8 /* ChordService.swift in Sources */ = {isa = PBXBuildFile; fileRef = D301A3082BCEFE38008BE4E8 /* ChordService.swift */; };
		D301A30F2BCEFE43008BE4E8 /* Chord.swift in Sources */ = {isa = PBXBuildFile; fileRef = D301A30C2BCEFE43008BE4E8 /* Chord.swift */; };
		D301A3102BCEFE43008BE4E8 /* Scale.swift in Sources */ = {isa = PBXBuildFile; fileRef = D301A30D2BCEFE43008BE4E8 /* Scale.swift */; };
		D301A3162BCEFE8B008BE4E8 /* Note.swift in Sources */ = {isa = PBXBuildFile; fileRef = D301A3122BCEFE8B008BE4E8 /* Note.swift */; };
		D301A3172BCEFE8B008BE4E8 /* Interval.swift in Sources */ = {isa = PBXBuildFile; fileRef = D301A3132BCEFE8B008BE4E8 /* Interval.swift */; };
		D301A3222BCEFEA6008BE4E8 /* Suspension.swift in Sources */ = {isa = PBXBuildFile; fileRef = D301A31B2BCEFEA6008BE4E8 /* Suspension.swift */; };
		D301A3232BCEFEA6008BE4E8 /* ChordStyle.swift in Sources */ = {isa = PBXBuildFile; fileRef = D301A31C2BCEFEA6008BE4E8 /* ChordStyle.swift */; };
		D301A3242BCEFEA6008BE4E8 /* Add.swift in Sources */ = {isa = PBXBuildFile; fileRef = D301A31D2BCEFEA6008BE4E8 /* Add.swift */; };
		D301A3252BCEFEA6008BE4E8 /* Alter.swift in Sources */ = {isa = PBXBuildFile; fileRef = D301A31E2BCEFEA6008BE4E8 /* Alter.swift */; };
		D301A3262BCEFEA6008BE4E8 /* ChordType.swift in Sources */ = {isa = PBXBuildFile; fileRef = D301A31F2BCEFEA6008BE4E8 /* ChordType.swift */; };
		D301A3272BCEFEA6008BE4E8 /* Secondary.swift in Sources */ = {isa = PBXBuildFile; fileRef = D301A3202BCEFEA6008BE4E8 /* Secondary.swift */; };
		D301A3282BCEFEA6008BE4E8 /* Inversion.swift in Sources */ = {isa = PBXBuildFile; fileRef = D301A3212BCEFEA6008BE4E8 /* Inversion.swift */; };
		D301A32D2BCEFECE008BE4E8 /* ScaleType.swift in Sources */ = {isa = PBXBuildFile; fileRef = D301A32A2BCEFECE008BE4E8 /* ScaleType.swift */; };
		D301A32E2BCEFECE008BE4E8 /* ScaleStyle.swift in Sources */ = {isa = PBXBuildFile; fileRef = D301A32B2BCEFECE008BE4E8 /* ScaleStyle.swift */; };
		D301A32F2BCEFECE008BE4E8 /* Mode.swift in Sources */ = {isa = PBXBuildFile; fileRef = D301A32C2BCEFECE008BE4E8 /* Mode.swift */; };
		D301A3322BCEFEDF008BE4E8 /* MajorModes.swift in Sources */ = {isa = PBXBuildFile; fileRef = D301A3312BCEFEDF008BE4E8 /* MajorModes.swift */; };
		D301A3352BCEFF89008BE4E8 /* Appendix.swift in Sources */ = {isa = PBXBuildFile; fileRef = D301A3332BCEFF89008BE4E8 /* Appendix.swift */; };
		D301A3362BCEFF89008BE4E8 /* Constants.swift in Sources */ = {isa = PBXBuildFile; fileRef = D301A3342BCEFF89008BE4E8 /* Constants.swift */; };
		D301A3392BCEFFBC008BE4E8 /* CollectionExtensions.swift in Sources */ = {isa = PBXBuildFile; fileRef = D301A3382BCEFFBC008BE4E8 /* CollectionExtensions.swift */; };
		D32AC5882BD24EA400F40B5B /* FretLabelType.swift in Sources */ = {isa = PBXBuildFile; fileRef = D32AC5872BD24EA400F40B5B /* FretLabelType.swift */; };
		D3AA9B5B2BCD982E00C78DF3 /* SpotApp.swift in Sources */ = {isa = PBXBuildFile; fileRef = D3AA9B5A2BCD982E00C78DF3 /* SpotApp.swift */; };
		D3AA9B5D2BCD982E00C78DF3 /* SpotDocument.swift in Sources */ = {isa = PBXBuildFile; fileRef = D3AA9B5C2BCD982E00C78DF3 /* SpotDocument.swift */; };
		D3AA9B612BCD983000C78DF3 /* Assets.xcassets in Resources */ = {isa = PBXBuildFile; fileRef = D3AA9B602BCD983000C78DF3 /* Assets.xcassets */; };
		D3AA9B642BCD983000C78DF3 /* Preview Assets.xcassets in Resources */ = {isa = PBXBuildFile; fileRef = D3AA9B632BCD983000C78DF3 /* Preview Assets.xcassets */; };
		D3AA9B6F2BCD9AAA00C78DF3 /* LayoutView.swift in Sources */ = {isa = PBXBuildFile; fileRef = D3AA9B6E2BCD9AAA00C78DF3 /* LayoutView.swift */; };
		D3AA9B712BCD9D6F00C78DF3 /* FretboardView.swift in Sources */ = {isa = PBXBuildFile; fileRef = D3AA9B702BCD9D6F00C78DF3 /* FretboardView.swift */; };
		D3AA9B732BCD9FBD00C78DF3 /* InstrumentType.swift in Sources */ = {isa = PBXBuildFile; fileRef = D3AA9B722BCD9FBD00C78DF3 /* InstrumentType.swift */; };
		D3AA9B772BCDA01B00C78DF3 /* InstrumentView.swift in Sources */ = {isa = PBXBuildFile; fileRef = D3AA9B762BCDA01B00C78DF3 /* InstrumentView.swift */; };
		D3AA9B792BCDA06B00C78DF3 /* TabView.swift in Sources */ = {isa = PBXBuildFile; fileRef = D3AA9B782BCDA06B00C78DF3 /* TabView.swift */; };
		D3AA9B7B2BCDA08300C78DF3 /* Header.swift in Sources */ = {isa = PBXBuildFile; fileRef = D3AA9B7A2BCDA08300C78DF3 /* Header.swift */; };
		D3AA9B7D2BCDA08C00C78DF3 /* Footer.swift in Sources */ = {isa = PBXBuildFile; fileRef = D3AA9B7C2BCDA08C00C78DF3 /* Footer.swift */; };
		D3AA9B7F2BCEF8AB00C78DF3 /* AppState.swift in Sources */ = {isa = PBXBuildFile; fileRef = D3AA9B7E2BCEF8AB00C78DF3 /* AppState.swift */; };
		D3E1F5462BCDDACC00167D43 /* FretNote.swift in Sources */ = {isa = PBXBuildFile; fileRef = D3E1F5452BCDDACC00167D43 /* FretNote.swift */; };
		D3E1F5492BCDDB2600167D43 /* FretboardViewModel.swift in Sources */ = {isa = PBXBuildFile; fileRef = D3E1F5482BCDDB2600167D43 /* FretboardViewModel.swift */; };
		D3E1F54C2BCDDC9600167D43 /* NoteService.swift in Sources */ = {isa = PBXBuildFile; fileRef = D3E1F54B2BCDDC9600167D43 /* NoteService.swift */; };
		D3FBC9742BD441F000A69646 /* NoteCollection.swift in Sources */ = {isa = PBXBuildFile; fileRef = D3FBC9732BD441F000A69646 /* NoteCollection.swift */; };
		D3FBC9772BD4493700A69646 /* MajorScaleThreeNotePerStringFrettingPatterns.swift in Sources */ = {isa = PBXBuildFile; fileRef = D3FBC9762BD4493700A69646 /* MajorScaleThreeNotePerStringFrettingPatterns.swift */; };
		D3FBC9792BD45C5C00A69646 /* FrettingPattern.swift in Sources */ = {isa = PBXBuildFile; fileRef = D3FBC9782BD45C5C00A69646 /* FrettingPattern.swift */; };
/* End PBXBuildFile section */

/* Begin PBXFileReference section */
		D301A3082BCEFE38008BE4E8 /* ChordService.swift */ = {isa = PBXFileReference; fileEncoding = 4; lastKnownFileType = sourcecode.swift; path = ChordService.swift; sourceTree = "<group>"; };
		D301A30C2BCEFE43008BE4E8 /* Chord.swift */ = {isa = PBXFileReference; fileEncoding = 4; lastKnownFileType = sourcecode.swift; path = Chord.swift; sourceTree = "<group>"; };
		D301A30D2BCEFE43008BE4E8 /* Scale.swift */ = {isa = PBXFileReference; fileEncoding = 4; lastKnownFileType = sourcecode.swift; path = Scale.swift; sourceTree = "<group>"; };
		D301A3122BCEFE8B008BE4E8 /* Note.swift */ = {isa = PBXFileReference; fileEncoding = 4; lastKnownFileType = sourcecode.swift; path = Note.swift; sourceTree = "<group>"; };
		D301A3132BCEFE8B008BE4E8 /* Interval.swift */ = {isa = PBXFileReference; fileEncoding = 4; lastKnownFileType = sourcecode.swift; path = Interval.swift; sourceTree = "<group>"; };
		D301A31B2BCEFEA6008BE4E8 /* Suspension.swift */ = {isa = PBXFileReference; fileEncoding = 4; lastKnownFileType = sourcecode.swift; path = Suspension.swift; sourceTree = "<group>"; };
		D301A31C2BCEFEA6008BE4E8 /* ChordStyle.swift */ = {isa = PBXFileReference; fileEncoding = 4; lastKnownFileType = sourcecode.swift; path = ChordStyle.swift; sourceTree = "<group>"; };
		D301A31D2BCEFEA6008BE4E8 /* Add.swift */ = {isa = PBXFileReference; fileEncoding = 4; lastKnownFileType = sourcecode.swift; path = Add.swift; sourceTree = "<group>"; };
		D301A31E2BCEFEA6008BE4E8 /* Alter.swift */ = {isa = PBXFileReference; fileEncoding = 4; lastKnownFileType = sourcecode.swift; path = Alter.swift; sourceTree = "<group>"; };
		D301A31F2BCEFEA6008BE4E8 /* ChordType.swift */ = {isa = PBXFileReference; fileEncoding = 4; lastKnownFileType = sourcecode.swift; path = ChordType.swift; sourceTree = "<group>"; };
		D301A3202BCEFEA6008BE4E8 /* Secondary.swift */ = {isa = PBXFileReference; fileEncoding = 4; lastKnownFileType = sourcecode.swift; path = Secondary.swift; sourceTree = "<group>"; };
		D301A3212BCEFEA6008BE4E8 /* Inversion.swift */ = {isa = PBXFileReference; fileEncoding = 4; lastKnownFileType = sourcecode.swift; path = Inversion.swift; sourceTree = "<group>"; };
		D301A32A2BCEFECE008BE4E8 /* ScaleType.swift */ = {isa = PBXFileReference; fileEncoding = 4; lastKnownFileType = sourcecode.swift; path = ScaleType.swift; sourceTree = "<group>"; };
		D301A32B2BCEFECE008BE4E8 /* ScaleStyle.swift */ = {isa = PBXFileReference; fileEncoding = 4; lastKnownFileType = sourcecode.swift; path = ScaleStyle.swift; sourceTree = "<group>"; };
		D301A32C2BCEFECE008BE4E8 /* Mode.swift */ = {isa = PBXFileReference; fileEncoding = 4; lastKnownFileType = sourcecode.swift; path = Mode.swift; sourceTree = "<group>"; };
		D301A3312BCEFEDF008BE4E8 /* MajorModes.swift */ = {isa = PBXFileReference; fileEncoding = 4; lastKnownFileType = sourcecode.swift; path = MajorModes.swift; sourceTree = "<group>"; };
		D301A3332BCEFF89008BE4E8 /* Appendix.swift */ = {isa = PBXFileReference; fileEncoding = 4; lastKnownFileType = sourcecode.swift; path = Appendix.swift; sourceTree = "<group>"; };
		D301A3342BCEFF89008BE4E8 /* Constants.swift */ = {isa = PBXFileReference; fileEncoding = 4; lastKnownFileType = sourcecode.swift; path = Constants.swift; sourceTree = "<group>"; };
		D301A3382BCEFFBC008BE4E8 /* CollectionExtensions.swift */ = {isa = PBXFileReference; fileEncoding = 4; lastKnownFileType = sourcecode.swift; path = CollectionExtensions.swift; sourceTree = "<group>"; };
		D32AC5872BD24EA400F40B5B /* FretLabelType.swift */ = {isa = PBXFileReference; lastKnownFileType = sourcecode.swift; path = FretLabelType.swift; sourceTree = "<group>"; };
		D3AA9B572BCD982E00C78DF3 /* Spot.app */ = {isa = PBXFileReference; explicitFileType = wrapper.application; includeInIndex = 0; path = Spot.app; sourceTree = BUILT_PRODUCTS_DIR; };
		D3AA9B5A2BCD982E00C78DF3 /* SpotApp.swift */ = {isa = PBXFileReference; lastKnownFileType = sourcecode.swift; path = SpotApp.swift; sourceTree = "<group>"; };
		D3AA9B5C2BCD982E00C78DF3 /* SpotDocument.swift */ = {isa = PBXFileReference; lastKnownFileType = sourcecode.swift; path = SpotDocument.swift; sourceTree = "<group>"; };
		D3AA9B602BCD983000C78DF3 /* Assets.xcassets */ = {isa = PBXFileReference; lastKnownFileType = folder.assetcatalog; path = Assets.xcassets; sourceTree = "<group>"; };
		D3AA9B632BCD983000C78DF3 /* Preview Assets.xcassets */ = {isa = PBXFileReference; lastKnownFileType = folder.assetcatalog; path = "Preview Assets.xcassets"; sourceTree = "<group>"; };
		D3AA9B652BCD983000C78DF3 /* Info.plist */ = {isa = PBXFileReference; lastKnownFileType = text.plist.xml; path = Info.plist; sourceTree = "<group>"; };
		D3AA9B662BCD983000C78DF3 /* Spot.entitlements */ = {isa = PBXFileReference; lastKnownFileType = text.plist.entitlements; path = Spot.entitlements; sourceTree = "<group>"; };
		D3AA9B6E2BCD9AAA00C78DF3 /* LayoutView.swift */ = {isa = PBXFileReference; lastKnownFileType = sourcecode.swift; path = LayoutView.swift; sourceTree = "<group>"; };
		D3AA9B702BCD9D6F00C78DF3 /* FretboardView.swift */ = {isa = PBXFileReference; lastKnownFileType = sourcecode.swift; path = FretboardView.swift; sourceTree = "<group>"; };
		D3AA9B722BCD9FBD00C78DF3 /* InstrumentType.swift */ = {isa = PBXFileReference; lastKnownFileType = sourcecode.swift; path = InstrumentType.swift; sourceTree = "<group>"; };
		D3AA9B762BCDA01B00C78DF3 /* InstrumentView.swift */ = {isa = PBXFileReference; lastKnownFileType = sourcecode.swift; path = InstrumentView.swift; sourceTree = "<group>"; };
		D3AA9B782BCDA06B00C78DF3 /* TabView.swift */ = {isa = PBXFileReference; lastKnownFileType = sourcecode.swift; path = TabView.swift; sourceTree = "<group>"; };
		D3AA9B7A2BCDA08300C78DF3 /* Header.swift */ = {isa = PBXFileReference; lastKnownFileType = sourcecode.swift; path = Header.swift; sourceTree = "<group>"; };
		D3AA9B7C2BCDA08C00C78DF3 /* Footer.swift */ = {isa = PBXFileReference; lastKnownFileType = sourcecode.swift; path = Footer.swift; sourceTree = "<group>"; };
		D3AA9B7E2BCEF8AB00C78DF3 /* AppState.swift */ = {isa = PBXFileReference; lastKnownFileType = sourcecode.swift; path = AppState.swift; sourceTree = "<group>"; };
		D3E1F5452BCDDACC00167D43 /* FretNote.swift */ = {isa = PBXFileReference; lastKnownFileType = sourcecode.swift; path = FretNote.swift; sourceTree = "<group>"; };
		D3E1F5482BCDDB2600167D43 /* FretboardViewModel.swift */ = {isa = PBXFileReference; lastKnownFileType = sourcecode.swift; path = FretboardViewModel.swift; sourceTree = "<group>"; };
		D3E1F54B2BCDDC9600167D43 /* NoteService.swift */ = {isa = PBXFileReference; lastKnownFileType = sourcecode.swift; path = NoteService.swift; sourceTree = "<group>"; };
		D3FBC9732BD441F000A69646 /* NoteCollection.swift */ = {isa = PBXFileReference; lastKnownFileType = sourcecode.swift; path = NoteCollection.swift; sourceTree = "<group>"; };
		D3FBC9762BD4493700A69646 /* MajorScaleThreeNotePerStringFrettingPatterns.swift */ = {isa = PBXFileReference; lastKnownFileType = sourcecode.swift; path = MajorScaleThreeNotePerStringFrettingPatterns.swift; sourceTree = "<group>"; };
		D3FBC9782BD45C5C00A69646 /* FrettingPattern.swift */ = {isa = PBXFileReference; lastKnownFileType = sourcecode.swift; path = FrettingPattern.swift; sourceTree = "<group>"; };
/* End PBXFileReference section */

/* Begin PBXFrameworksBuildPhase section */
		D3AA9B542BCD982E00C78DF3 /* Frameworks */ = {
			isa = PBXFrameworksBuildPhase;
			buildActionMask = 2147483647;
			files = (
			);
			runOnlyForDeploymentPostprocessing = 0;
		};
/* End PBXFrameworksBuildPhase section */

/* Begin PBXGroup section */
		D301A31A2BCEFE93008BE4E8 /* Chords */ = {
			isa = PBXGroup;
			children = (
				D301A31D2BCEFEA6008BE4E8 /* Add.swift */,
				D301A31E2BCEFEA6008BE4E8 /* Alter.swift */,
				D301A31C2BCEFEA6008BE4E8 /* ChordStyle.swift */,
				D301A31F2BCEFEA6008BE4E8 /* ChordType.swift */,
				D301A3212BCEFEA6008BE4E8 /* Inversion.swift */,
				D301A3202BCEFEA6008BE4E8 /* Secondary.swift */,
				D301A31B2BCEFEA6008BE4E8 /* Suspension.swift */,
			);
			path = Chords;
			sourceTree = "<group>";
		};
		D301A3292BCEFEC2008BE4E8 /* Scales */ = {
			isa = PBXGroup;
			children = (
				D301A3302BCEFED7008BE4E8 /* Modes */,
				D301A32C2BCEFECE008BE4E8 /* Mode.swift */,
				D301A32B2BCEFECE008BE4E8 /* ScaleStyle.swift */,
				D301A32A2BCEFECE008BE4E8 /* ScaleType.swift */,
			);
			path = Scales;
			sourceTree = "<group>";
		};
		D301A3302BCEFED7008BE4E8 /* Modes */ = {
			isa = PBXGroup;
			children = (
				D301A3312BCEFEDF008BE4E8 /* MajorModes.swift */,
			);
			path = Modes;
			sourceTree = "<group>";
		};
		D301A3372BCEFF9A008BE4E8 /* Extensions */ = {
			isa = PBXGroup;
			children = (
				D301A3382BCEFFBC008BE4E8 /* CollectionExtensions.swift */,
			);
			path = Extensions;
			sourceTree = "<group>";
		};
		D3AA9B4E2BCD982E00C78DF3 = {
			isa = PBXGroup;
			children = (
				D3AA9B592BCD982E00C78DF3 /* Spot */,
				D3AA9B582BCD982E00C78DF3 /* Products */,
			);
			sourceTree = "<group>";
		};
		D3AA9B582BCD982E00C78DF3 /* Products */ = {
			isa = PBXGroup;
			children = (
				D3AA9B572BCD982E00C78DF3 /* Spot.app */,
			);
			name = Products;
			sourceTree = "<group>";
		};
		D3AA9B592BCD982E00C78DF3 /* Spot */ = {
			isa = PBXGroup;
			children = (
				D3FBC9722BD441D700A69646 /* Protocols */,
				D301A3372BCEFF9A008BE4E8 /* Extensions */,
				D3AA9B742BCD9FDF00C78DF3 /* Enums */,
				D3E1F5442BCDDA7F00167D43 /* Models */,
				D3AA9B6D2BCD9A9300C78DF3 /* Views */,
				D3E1F54A2BCDDC8000167D43 /* Services */,
				D3AA9B5A2BCD982E00C78DF3 /* SpotApp.swift */,
				D3AA9B5C2BCD982E00C78DF3 /* SpotDocument.swift */,
				D301A3332BCEFF89008BE4E8 /* Appendix.swift */,
				D301A3342BCEFF89008BE4E8 /* Constants.swift */,
				D3AA9B602BCD983000C78DF3 /* Assets.xcassets */,
				D3AA9B652BCD983000C78DF3 /* Info.plist */,
				D3AA9B662BCD983000C78DF3 /* Spot.entitlements */,
				D3AA9B622BCD983000C78DF3 /* Preview Content */,
			);
			path = Spot;
			sourceTree = "<group>";
		};
		D3AA9B622BCD983000C78DF3 /* Preview Content */ = {
			isa = PBXGroup;
			children = (
				D3AA9B632BCD983000C78DF3 /* Preview Assets.xcassets */,
			);
			path = "Preview Content";
			sourceTree = "<group>";
		};
		D3AA9B6D2BCD9A9300C78DF3 /* Views */ = {
			isa = PBXGroup;
			children = (
				D3AA9B752BCD9FFC00C78DF3 /* Layout */,
				D3AA9B702BCD9D6F00C78DF3 /* FretboardView.swift */,
				D3AA9B762BCDA01B00C78DF3 /* InstrumentView.swift */,
			);
			path = Views;
			sourceTree = "<group>";
		};
		D3AA9B742BCD9FDF00C78DF3 /* Enums */ = {
			isa = PBXGroup;
			children = (
				D301A3292BCEFEC2008BE4E8 /* Scales */,
				D301A31A2BCEFE93008BE4E8 /* Chords */,
				D301A3132BCEFE8B008BE4E8 /* Interval.swift */,
				D301A3122BCEFE8B008BE4E8 /* Note.swift */,
				D3AA9B722BCD9FBD00C78DF3 /* InstrumentType.swift */,
				D32AC5872BD24EA400F40B5B /* FretLabelType.swift */,
			);
			path = Enums;
			sourceTree = "<group>";
		};
		D3AA9B752BCD9FFC00C78DF3 /* Layout */ = {
			isa = PBXGroup;
			children = (
				D3AA9B6E2BCD9AAA00C78DF3 /* LayoutView.swift */,
				D3AA9B782BCDA06B00C78DF3 /* TabView.swift */,
				D3AA9B7A2BCDA08300C78DF3 /* Header.swift */,
				D3AA9B7C2BCDA08C00C78DF3 /* Footer.swift */,
			);
			path = Layout;
			sourceTree = "<group>";
		};
		D3E1F5442BCDDA7F00167D43 /* Models */ = {
			isa = PBXGroup;
			children = (
				D3FBC9752BD448FB00A69646 /* FrettingPattern */,
				D3E1F5472BCDDB1400167D43 /* ViewModels */,
				D301A30C2BCEFE43008BE4E8 /* Chord.swift */,
				D301A30D2BCEFE43008BE4E8 /* Scale.swift */,
				D3E1F5452BCDDACC00167D43 /* FretNote.swift */,
				D3AA9B7E2BCEF8AB00C78DF3 /* AppState.swift */,
			);
			path = Models;
			sourceTree = "<group>";
		};
		D3E1F5472BCDDB1400167D43 /* ViewModels */ = {
			isa = PBXGroup;
			children = (
				D3E1F5482BCDDB2600167D43 /* FretboardViewModel.swift */,
			);
			path = ViewModels;
			sourceTree = "<group>";
		};
		D3E1F54A2BCDDC8000167D43 /* Services */ = {
			isa = PBXGroup;
			children = (
				D301A3082BCEFE38008BE4E8 /* ChordService.swift */,
				D3E1F54B2BCDDC9600167D43 /* NoteService.swift */,
			);
			path = Services;
			sourceTree = "<group>";
		};
		D3FBC9722BD441D700A69646 /* Protocols */ = {
			isa = PBXGroup;
			children = (
				D3FBC9732BD441F000A69646 /* NoteCollection.swift */,
				D3FBC9782BD45C5C00A69646 /* FrettingPattern.swift */,
			);
			path = Protocols;
			sourceTree = "<group>";
		};
		D3FBC9752BD448FB00A69646 /* FrettingPattern */ = {
			isa = PBXGroup;
			children = (
				D3FBC9762BD4493700A69646 /* MajorScaleThreeNotePerStringFrettingPatterns.swift */,
			);
			path = FrettingPattern;
			sourceTree = "<group>";
		};
/* End PBXGroup section */

/* Begin PBXNativeTarget section */
		D3AA9B562BCD982E00C78DF3 /* Spot */ = {
			isa = PBXNativeTarget;
			buildConfigurationList = D3AA9B692BCD983000C78DF3 /* Build configuration list for PBXNativeTarget "Spot" */;
			buildPhases = (
				D3AA9B532BCD982E00C78DF3 /* Sources */,
				D3AA9B542BCD982E00C78DF3 /* Frameworks */,
				D3AA9B552BCD982E00C78DF3 /* Resources */,
			);
			buildRules = (
			);
			dependencies = (
			);
			name = Spot;
			productName = Spot;
			productReference = D3AA9B572BCD982E00C78DF3 /* Spot.app */;
			productType = "com.apple.product-type.application";
		};
/* End PBXNativeTarget section */

/* Begin PBXProject section */
		D3AA9B4F2BCD982E00C78DF3 /* Project object */ = {
			isa = PBXProject;
			attributes = {
				BuildIndependentTargetsInParallel = 1;
				LastSwiftUpdateCheck = 1420;
				LastUpgradeCheck = 1520;
				TargetAttributes = {
					D3AA9B562BCD982E00C78DF3 = {
						CreatedOnToolsVersion = 14.2;
					};
				};
			};
			buildConfigurationList = D3AA9B522BCD982E00C78DF3 /* Build configuration list for PBXProject "Spot" */;
			compatibilityVersion = "Xcode 14.0";
			developmentRegion = en;
			hasScannedForEncodings = 0;
			knownRegions = (
				en,
				Base,
			);
			mainGroup = D3AA9B4E2BCD982E00C78DF3;
			productRefGroup = D3AA9B582BCD982E00C78DF3 /* Products */;
			projectDirPath = "";
			projectRoot = "";
			targets = (
				D3AA9B562BCD982E00C78DF3 /* Spot */,
			);
		};
/* End PBXProject section */

/* Begin PBXResourcesBuildPhase section */
		D3AA9B552BCD982E00C78DF3 /* Resources */ = {
			isa = PBXResourcesBuildPhase;
			buildActionMask = 2147483647;
			files = (
				D3AA9B642BCD983000C78DF3 /* Preview Assets.xcassets in Resources */,
				D3AA9B612BCD983000C78DF3 /* Assets.xcassets in Resources */,
			);
			runOnlyForDeploymentPostprocessing = 0;
		};
/* End PBXResourcesBuildPhase section */

/* Begin PBXSourcesBuildPhase section */
		D3AA9B532BCD982E00C78DF3 /* Sources */ = {
			isa = PBXSourcesBuildPhase;
			buildActionMask = 2147483647;
			files = (
				D301A3242BCEFEA6008BE4E8 /* Add.swift in Sources */,
				D301A30F2BCEFE43008BE4E8 /* Chord.swift in Sources */,
				D3FBC9742BD441F000A69646 /* NoteCollection.swift in Sources */,
				D3FBC9792BD45C5C00A69646 /* FrettingPattern.swift in Sources */,
				D3AA9B772BCDA01B00C78DF3 /* InstrumentView.swift in Sources */,
				D3AA9B7B2BCDA08300C78DF3 /* Header.swift in Sources */,
				D301A3272BCEFEA6008BE4E8 /* Secondary.swift in Sources */,
				D301A3352BCEFF89008BE4E8 /* Appendix.swift in Sources */,
				D301A30B2BCEFE38008BE4E8 /* ChordService.swift in Sources */,
				D301A3362BCEFF89008BE4E8 /* Constants.swift in Sources */,
				D3AA9B732BCD9FBD00C78DF3 /* InstrumentType.swift in Sources */,
				D301A3322BCEFEDF008BE4E8 /* MajorModes.swift in Sources */,
				D3FBC9772BD4493700A69646 /* MajorScaleThreeNotePerStringFrettingPatterns.swift in Sources */,
				D301A3262BCEFEA6008BE4E8 /* ChordType.swift in Sources */,
				D301A3252BCEFEA6008BE4E8 /* Alter.swift in Sources */,
				D3AA9B792BCDA06B00C78DF3 /* TabView.swift in Sources */,
				D3AA9B7D2BCDA08C00C78DF3 /* Footer.swift in Sources */,
				D301A3222BCEFEA6008BE4E8 /* Suspension.swift in Sources */,
				D3AA9B7F2BCEF8AB00C78DF3 /* AppState.swift in Sources */,
				D301A3232BCEFEA6008BE4E8 /* ChordStyle.swift in Sources */,
				D301A3162BCEFE8B008BE4E8 /* Note.swift in Sources */,
				D301A32D2BCEFECE008BE4E8 /* ScaleType.swift in Sources */,
				D301A3392BCEFFBC008BE4E8 /* CollectionExtensions.swift in Sources */,
				D301A3172BCEFE8B008BE4E8 /* Interval.swift in Sources */,
				D3AA9B6F2BCD9AAA00C78DF3 /* LayoutView.swift in Sources */,
				D3AA9B5D2BCD982E00C78DF3 /* SpotDocument.swift in Sources */,
				D3AA9B5B2BCD982E00C78DF3 /* SpotApp.swift in Sources */,
				D32AC5882BD24EA400F40B5B /* FretLabelType.swift in Sources */,
				D3E1F5492BCDDB2600167D43 /* FretboardViewModel.swift in Sources */,
				D3E1F5462BCDDACC00167D43 /* FretNote.swift in Sources */,
				D3AA9B712BCD9D6F00C78DF3 /* FretboardView.swift in Sources */,
				D301A3282BCEFEA6008BE4E8 /* Inversion.swift in Sources */,
				D301A32F2BCEFECE008BE4E8 /* Mode.swift in Sources */,
				D301A32E2BCEFECE008BE4E8 /* ScaleStyle.swift in Sources */,
				D301A3102BCEFE43008BE4E8 /* Scale.swift in Sources */,
				D3E1F54C2BCDDC9600167D43 /* NoteService.swift in Sources */,
			);
			runOnlyForDeploymentPostprocessing = 0;
		};
/* End PBXSourcesBuildPhase section */

/* Begin XCBuildConfiguration section */
		D3AA9B672BCD983000C78DF3 /* Debug */ = {
			isa = XCBuildConfiguration;
			buildSettings = {
				ALWAYS_SEARCH_USER_PATHS = NO;
				CLANG_ANALYZER_NONNULL = YES;
				CLANG_ANALYZER_NUMBER_OBJECT_CONVERSION = YES_AGGRESSIVE;
				CLANG_CXX_LANGUAGE_STANDARD = "gnu++20";
				CLANG_ENABLE_MODULES = YES;
				CLANG_ENABLE_OBJC_ARC = YES;
				CLANG_ENABLE_OBJC_WEAK = YES;
				CLANG_WARN_BLOCK_CAPTURE_AUTORELEASING = YES;
				CLANG_WARN_BOOL_CONVERSION = YES;
				CLANG_WARN_COMMA = YES;
				CLANG_WARN_CONSTANT_CONVERSION = YES;
				CLANG_WARN_DEPRECATED_OBJC_IMPLEMENTATIONS = YES;
				CLANG_WARN_DIRECT_OBJC_ISA_USAGE = YES_ERROR;
				CLANG_WARN_DOCUMENTATION_COMMENTS = YES;
				CLANG_WARN_EMPTY_BODY = YES;
				CLANG_WARN_ENUM_CONVERSION = YES;
				CLANG_WARN_INFINITE_RECURSION = YES;
				CLANG_WARN_INT_CONVERSION = YES;
				CLANG_WARN_NON_LITERAL_NULL_CONVERSION = YES;
				CLANG_WARN_OBJC_IMPLICIT_RETAIN_SELF = YES;
				CLANG_WARN_OBJC_LITERAL_CONVERSION = YES;
				CLANG_WARN_OBJC_ROOT_CLASS = YES_ERROR;
				CLANG_WARN_QUOTED_INCLUDE_IN_FRAMEWORK_HEADER = YES;
				CLANG_WARN_RANGE_LOOP_ANALYSIS = YES;
				CLANG_WARN_STRICT_PROTOTYPES = YES;
				CLANG_WARN_SUSPICIOUS_MOVE = YES;
				CLANG_WARN_UNGUARDED_AVAILABILITY = YES_AGGRESSIVE;
				CLANG_WARN_UNREACHABLE_CODE = YES;
				CLANG_WARN__DUPLICATE_METHOD_MATCH = YES;
				COPY_PHASE_STRIP = NO;
				DEAD_CODE_STRIPPING = YES;
				DEBUG_INFORMATION_FORMAT = dwarf;
				ENABLE_STRICT_OBJC_MSGSEND = YES;
				ENABLE_TESTABILITY = YES;
				ENABLE_USER_SCRIPT_SANDBOXING = YES;
				GCC_C_LANGUAGE_STANDARD = gnu11;
				GCC_DYNAMIC_NO_PIC = NO;
				GCC_NO_COMMON_BLOCKS = YES;
				GCC_OPTIMIZATION_LEVEL = 0;
				GCC_PREPROCESSOR_DEFINITIONS = (
					"DEBUG=1",
					"$(inherited)",
				);
				GCC_WARN_64_TO_32_BIT_CONVERSION = YES;
				GCC_WARN_ABOUT_RETURN_TYPE = YES_ERROR;
				GCC_WARN_UNDECLARED_SELECTOR = YES;
				GCC_WARN_UNINITIALIZED_AUTOS = YES_AGGRESSIVE;
				GCC_WARN_UNUSED_FUNCTION = YES;
				GCC_WARN_UNUSED_VARIABLE = YES;
				MACOSX_DEPLOYMENT_TARGET = 12.3;
				"MACOSX_DEPLOYMENT_TARGET[arch=*]" = 12.0;
				MTL_ENABLE_DEBUG_INFO = INCLUDE_SOURCE;
				MTL_FAST_MATH = YES;
				ONLY_ACTIVE_ARCH = YES;
				SDKROOT = macosx;
				SWIFT_ACTIVE_COMPILATION_CONDITIONS = DEBUG;
				SWIFT_OPTIMIZATION_LEVEL = "-Onone";
			};
			name = Debug;
		};
		D3AA9B682BCD983000C78DF3 /* Release */ = {
			isa = XCBuildConfiguration;
			buildSettings = {
				ALWAYS_SEARCH_USER_PATHS = NO;
				CLANG_ANALYZER_NONNULL = YES;
				CLANG_ANALYZER_NUMBER_OBJECT_CONVERSION = YES_AGGRESSIVE;
				CLANG_CXX_LANGUAGE_STANDARD = "gnu++20";
				CLANG_ENABLE_MODULES = YES;
				CLANG_ENABLE_OBJC_ARC = YES;
				CLANG_ENABLE_OBJC_WEAK = YES;
				CLANG_WARN_BLOCK_CAPTURE_AUTORELEASING = YES;
				CLANG_WARN_BOOL_CONVERSION = YES;
				CLANG_WARN_COMMA = YES;
				CLANG_WARN_CONSTANT_CONVERSION = YES;
				CLANG_WARN_DEPRECATED_OBJC_IMPLEMENTATIONS = YES;
				CLANG_WARN_DIRECT_OBJC_ISA_USAGE = YES_ERROR;
				CLANG_WARN_DOCUMENTATION_COMMENTS = YES;
				CLANG_WARN_EMPTY_BODY = YES;
				CLANG_WARN_ENUM_CONVERSION = YES;
				CLANG_WARN_INFINITE_RECURSION = YES;
				CLANG_WARN_INT_CONVERSION = YES;
				CLANG_WARN_NON_LITERAL_NULL_CONVERSION = YES;
				CLANG_WARN_OBJC_IMPLICIT_RETAIN_SELF = YES;
				CLANG_WARN_OBJC_LITERAL_CONVERSION = YES;
				CLANG_WARN_OBJC_ROOT_CLASS = YES_ERROR;
				CLANG_WARN_QUOTED_INCLUDE_IN_FRAMEWORK_HEADER = YES;
				CLANG_WARN_RANGE_LOOP_ANALYSIS = YES;
				CLANG_WARN_STRICT_PROTOTYPES = YES;
				CLANG_WARN_SUSPICIOUS_MOVE = YES;
				CLANG_WARN_UNGUARDED_AVAILABILITY = YES_AGGRESSIVE;
				CLANG_WARN_UNREACHABLE_CODE = YES;
				CLANG_WARN__DUPLICATE_METHOD_MATCH = YES;
				COPY_PHASE_STRIP = NO;
				DEAD_CODE_STRIPPING = YES;
				DEBUG_INFORMATION_FORMAT = "dwarf-with-dsym";
				ENABLE_NS_ASSERTIONS = NO;
				ENABLE_STRICT_OBJC_MSGSEND = YES;
				ENABLE_USER_SCRIPT_SANDBOXING = YES;
				GCC_C_LANGUAGE_STANDARD = gnu11;
				GCC_NO_COMMON_BLOCKS = YES;
				GCC_WARN_64_TO_32_BIT_CONVERSION = YES;
				GCC_WARN_ABOUT_RETURN_TYPE = YES_ERROR;
				GCC_WARN_UNDECLARED_SELECTOR = YES;
				GCC_WARN_UNINITIALIZED_AUTOS = YES_AGGRESSIVE;
				GCC_WARN_UNUSED_FUNCTION = YES;
				GCC_WARN_UNUSED_VARIABLE = YES;
				MACOSX_DEPLOYMENT_TARGET = 12.4;
				MTL_ENABLE_DEBUG_INFO = NO;
				MTL_FAST_MATH = YES;
				SDKROOT = macosx;
				SWIFT_COMPILATION_MODE = wholemodule;
				SWIFT_OPTIMIZATION_LEVEL = "-O";
			};
			name = Release;
		};
		D3AA9B6A2BCD983000C78DF3 /* Debug */ = {
			isa = XCBuildConfiguration;
			buildSettings = {
				ASSETCATALOG_COMPILER_APPICON_NAME = AppIcon;
				ASSETCATALOG_COMPILER_GLOBAL_ACCENT_COLOR_NAME = AccentColor;
				CODE_SIGN_ENTITLEMENTS = Spot/Spot.entitlements;
				CODE_SIGN_STYLE = Automatic;
				COMBINE_HIDPI_IMAGES = YES;
				CURRENT_PROJECT_VERSION = 1;
				DEAD_CODE_STRIPPING = YES;
				DEVELOPMENT_ASSET_PATHS = "\"Spot/Preview Content\"";
				DEVELOPMENT_TEAM = B4MRNC88BC;
				ENABLE_HARDENED_RUNTIME = YES;
				ENABLE_PREVIEWS = YES;
				GENERATE_INFOPLIST_FILE = YES;
				INFOPLIST_FILE = Spot/Info.plist;
				INFOPLIST_KEY_NSHumanReadableCopyright = "";
				LD_RUNPATH_SEARCH_PATHS = (
					"$(inherited)",
					"@executable_path/../Frameworks",
				);
				MARKETING_VERSION = 1.0;
				PRODUCT_BUNDLE_IDENTIFIER = iko.Spot;
				PRODUCT_NAME = "$(TARGET_NAME)";
				SWIFT_EMIT_LOC_STRINGS = YES;
				SWIFT_VERSION = 5.0;
			};
			name = Debug;
		};
		D3AA9B6B2BCD983000C78DF3 /* Release */ = {
			isa = XCBuildConfiguration;
			buildSettings = {
				ASSETCATALOG_COMPILER_APPICON_NAME = AppIcon;
				ASSETCATALOG_COMPILER_GLOBAL_ACCENT_COLOR_NAME = AccentColor;
				CODE_SIGN_ENTITLEMENTS = Spot/Spot.entitlements;
				CODE_SIGN_STYLE = Automatic;
				COMBINE_HIDPI_IMAGES = YES;
				CURRENT_PROJECT_VERSION = 1;
				DEAD_CODE_STRIPPING = YES;
				DEVELOPMENT_ASSET_PATHS = "\"Spot/Preview Content\"";
				DEVELOPMENT_TEAM = B4MRNC88BC;
				ENABLE_HARDENED_RUNTIME = YES;
				ENABLE_PREVIEWS = YES;
				GENERATE_INFOPLIST_FILE = YES;
				INFOPLIST_FILE = Spot/Info.plist;
				INFOPLIST_KEY_NSHumanReadableCopyright = "";
				LD_RUNPATH_SEARCH_PATHS = (
					"$(inherited)",
					"@executable_path/../Frameworks",
				);
				MARKETING_VERSION = 1.0;
				PRODUCT_BUNDLE_IDENTIFIER = iko.Spot;
				PRODUCT_NAME = "$(TARGET_NAME)";
				SWIFT_EMIT_LOC_STRINGS = YES;
				SWIFT_VERSION = 5.0;
			};
			name = Release;
		};
/* End XCBuildConfiguration section */

/* Begin XCConfigurationList section */
		D3AA9B522BCD982E00C78DF3 /* Build configuration list for PBXProject "Spot" */ = {
			isa = XCConfigurationList;
			buildConfigurations = (
				D3AA9B672BCD983000C78DF3 /* Debug */,
				D3AA9B682BCD983000C78DF3 /* Release */,
			);
			defaultConfigurationIsVisible = 0;
			defaultConfigurationName = Release;
		};
		D3AA9B692BCD983000C78DF3 /* Build configuration list for PBXNativeTarget "Spot" */ = {
			isa = XCConfigurationList;
			buildConfigurations = (
				D3AA9B6A2BCD983000C78DF3 /* Debug */,
				D3AA9B6B2BCD983000C78DF3 /* Release */,
			);
			defaultConfigurationIsVisible = 0;
			defaultConfigurationName = Release;
		};
/* End XCConfigurationList section */
	};
	rootObject = D3AA9B4F2BCD982E00C78DF3 /* Project object */;
}
